
Microsoft Visual Studio Solution File, Format Version 12.00
# Visual Studio Version 17
VisualStudioVersion = 17.0.31903.59
MinimumVisualStudioVersion = 10.0.40219.1
Project("{FAE04EC0-301F-11D3-BF4B-00C04F79EFBC}") = "TaskReminder.Core", "TaskReminder.Core\TaskReminder.Core.csproj", "{643EE2E1-8FD3-4172-9321-82479D25AA0F}"
EndProject
Project("{FAE04EC0-301F-11D3-BF4B-00C04F79EFBC}") = "TaskReminder.Gui", "TaskReminder.Gui\TaskReminder.Gui.csproj", "{5AB943D9-24D6-4F64-980C-70F23255913D}"
EndProject
Global
	GlobalSection(SolutionConfigurationPlatforms) = preSolution
		Debug|Any CPU = Debug|Any CPU
		Release|Any CPU = Release|Any CPU
	EndGlobalSection
	GlobalSection(ProjectConfigurationPlatforms) = postSolution
		{643EE2E1-8FD3-4172-9321-82479D25AA0F}.Debug|Any CPU.ActiveCfg = Debug|Any CPU
		{643EE2E1-8FD3-4172-9321-82479D25AA0F}.Debug|Any CPU.Build.0 = Debug|Any CPU
		{643EE2E1-8FD3-4172-9321-82479D25AA0F}.Release|Any CPU.ActiveCfg = Release|Any CPU
		{643EE2E1-8FD3-4172-9321-82479D25AA0F}.Release|Any CPU.Build.0 = Release|Any CPU
		{5AB943D9-24D6-4F64-980C-70F23255913D}.Debug|Any CPU.ActiveCfg = Debug|Any CPU
		{5AB943D9-24D6-4F64-980C-70F23255913D}.Debug|Any CPU.Build.0 = Debug|Any CPU
		{5AB943D9-24D6-4F64-980C-70F23255913D}.Release|Any CPU.ActiveCfg = Release|Any CPU
		{5AB943D9-24D6-4F64-980C-70F23255913D}.Release|Any CPU.Build.0 = Release|Any CPU
	EndGlobalSection
	GlobalSection(SolutionProperties) = preSolution
		HideSolutionNode = FALSE
	EndGlobalSection
EndGlobal
